// !$*UTF8*$!
{
	archiveVersion = 1;
	classes = {
	};
	objectVersion = 55;
	objects = {

/* Begin PBXBuildFile section */
		11AF8E8A27E398C600BD115D /* AppDelegate.swift in Sources */ = {isa = PBXBuildFile; fileRef = 11AF8E8927E398C600BD115D /* AppDelegate.swift */; };
		11AF8E8E27E398C600BD115D /* DocsViewController.swift in Sources */ = {isa = PBXBuildFile; fileRef = 11AF8E8D27E398C600BD115D /* DocsViewController.swift */; };
		11AF8E9127E398C600BD115D /* Main.storyboard in Resources */ = {isa = PBXBuildFile; fileRef = 11AF8E8F27E398C600BD115D /* Main.storyboard */; };
		11AF8E9327E398C800BD115D /* Assets.xcassets in Resources */ = {isa = PBXBuildFile; fileRef = 11AF8E9227E398C800BD115D /* Assets.xcassets */; };
		11AF8E9627E398C800BD115D /* LaunchScreen.storyboard in Resources */ = {isa = PBXBuildFile; fileRef = 11AF8E9427E398C800BD115D /* LaunchScreen.storyboard */; };
		11AF8EA327E4DC9000BD115D /* DocsViewModel.swift in Sources */ = {isa = PBXBuildFile; fileRef = 11AF8EA227E4DC9000BD115D /* DocsViewModel.swift */; };
		11BF0A1627E7A1950036DE6D /* LoginViewController.swift in Sources */ = {isa = PBXBuildFile; fileRef = 11BF0A1527E7A1950036DE6D /* LoginViewController.swift */; };
		11BF0A1927E7A21F0036DE6D /* LoginViewModel.swift in Sources */ = {isa = PBXBuildFile; fileRef = 11BF0A1827E7A21F0036DE6D /* LoginViewModel.swift */; };
		11BF0A1B27E7A3030036DE6D /* MagicButton.swift in Sources */ = {isa = PBXBuildFile; fileRef = 11BF0A1A27E7A3030036DE6D /* MagicButton.swift */; };
		11BF0A1F27E7A3C30036DE6D /* Utilits.swift in Sources */ = {isa = PBXBuildFile; fileRef = 11BF0A1E27E7A3C30036DE6D /* Utilits.swift */; };
		11BF0A2127E7B5E80036DE6D /* SettingsViewController.swift in Sources */ = {isa = PBXBuildFile; fileRef = 11BF0A2027E7B5E80036DE6D /* SettingsViewController.swift */; };
		11BF0A2527E86E5C0036DE6D /* KeychainAccess in Frameworks */ = {isa = PBXBuildFile; productRef = 11BF0A2427E86E5C0036DE6D /* KeychainAccess */; };
		11BF0A2727E8E5180036DE6D /* SortingTableViewCell.swift in Sources */ = {isa = PBXBuildFile; fileRef = 11BF0A2627E8E5180036DE6D /* SortingTableViewCell.swift */; };
		11BF0A2927E8EFF10036DE6D /* PasswordChangeTableViewCell.swift in Sources */ = {isa = PBXBuildFile; fileRef = 11BF0A2827E8EFF10036DE6D /* PasswordChangeTableViewCell.swift */; };
		11BF0A2B27EA5A9F0036DE6D /* DocsTableViewCell.swift in Sources */ = {isa = PBXBuildFile; fileRef = 11BF0A2A27EA5A9F0036DE6D /* DocsTableViewCell.swift */; };
/* End PBXBuildFile section */

/* Begin PBXFileReference section */
		11AF8E8627E398C600BD115D /* FileManager.app */ = {isa = PBXFileReference; explicitFileType = wrapper.application; includeInIndex = 0; path = FileManager.app; sourceTree = BUILT_PRODUCTS_DIR; };
		11AF8E8927E398C600BD115D /* AppDelegate.swift */ = {isa = PBXFileReference; lastKnownFileType = sourcecode.swift; path = AppDelegate.swift; sourceTree = "<group>"; };
		11AF8E8D27E398C600BD115D /* DocsViewController.swift */ = {isa = PBXFileReference; lastKnownFileType = sourcecode.swift; path = DocsViewController.swift; sourceTree = "<group>"; };
		11AF8E9027E398C600BD115D /* Base */ = {isa = PBXFileReference; lastKnownFileType = file.storyboard; name = Base; path = Base.lproj/Main.storyboard; sourceTree = "<group>"; };
		11AF8E9227E398C800BD115D /* Assets.xcassets */ = {isa = PBXFileReference; lastKnownFileType = folder.assetcatalog; path = Assets.xcassets; sourceTree = "<group>"; };
		11AF8E9527E398C800BD115D /* Base */ = {isa = PBXFileReference; lastKnownFileType = file.storyboard; name = Base; path = Base.lproj/LaunchScreen.storyboard; sourceTree = "<group>"; };
		11AF8E9727E398C800BD115D /* Info.plist */ = {isa = PBXFileReference; lastKnownFileType = text.plist.xml; path = Info.plist; sourceTree = "<group>"; };
		11AF8EA227E4DC9000BD115D /* DocsViewModel.swift */ = {isa = PBXFileReference; lastKnownFileType = sourcecode.swift; path = DocsViewModel.swift; sourceTree = "<group>"; };
		11BF0A1527E7A1950036DE6D /* LoginViewController.swift */ = {isa = PBXFileReference; lastKnownFileType = sourcecode.swift; path = LoginViewController.swift; sourceTree = "<group>"; };
		11BF0A1827E7A21F0036DE6D /* LoginViewModel.swift */ = {isa = PBXFileReference; lastKnownFileType = sourcecode.swift; path = LoginViewModel.swift; sourceTree = "<group>"; };
		11BF0A1A27E7A3030036DE6D /* MagicButton.swift */ = {isa = PBXFileReference; fileEncoding = 4; lastKnownFileType = sourcecode.swift; path = MagicButton.swift; sourceTree = "<group>"; };
		11BF0A1E27E7A3C30036DE6D /* Utilits.swift */ = {isa = PBXFileReference; lastKnownFileType = sourcecode.swift; path = Utilits.swift; sourceTree = "<group>"; };
		11BF0A2027E7B5E80036DE6D /* SettingsViewController.swift */ = {isa = PBXFileReference; lastKnownFileType = sourcecode.swift; path = SettingsViewController.swift; sourceTree = "<group>"; };
		11BF0A2627E8E5180036DE6D /* SortingTableViewCell.swift */ = {isa = PBXFileReference; lastKnownFileType = sourcecode.swift; path = SortingTableViewCell.swift; sourceTree = "<group>"; };
		11BF0A2827E8EFF10036DE6D /* PasswordChangeTableViewCell.swift */ = {isa = PBXFileReference; lastKnownFileType = sourcecode.swift; path = PasswordChangeTableViewCell.swift; sourceTree = "<group>"; };
		11BF0A2A27EA5A9F0036DE6D /* DocsTableViewCell.swift */ = {isa = PBXFileReference; lastKnownFileType = sourcecode.swift; path = DocsTableViewCell.swift; sourceTree = "<group>"; };
/* End PBXFileReference section */

/* Begin PBXFrameworksBuildPhase section */
		11AF8E8327E398C600BD115D /* Frameworks */ = {
			isa = PBXFrameworksBuildPhase;
			buildActionMask = 2147483647;
			files = (
				11BF0A2527E86E5C0036DE6D /* KeychainAccess in Frameworks */,
			);
			runOnlyForDeploymentPostprocessing = 0;
		};
/* End PBXFrameworksBuildPhase section */

/* Begin PBXGroup section */
		11AF8E7D27E398C600BD115D = {
			isa = PBXGroup;
			children = (
				11AF8E8827E398C600BD115D /* FileManager */,
				11AF8E8727E398C600BD115D /* Products */,
			);
			sourceTree = "<group>";
		};
		11AF8E8727E398C600BD115D /* Products */ = {
			isa = PBXGroup;
			children = (
				11AF8E8627E398C600BD115D /* FileManager.app */,
			);
			name = Products;
			sourceTree = "<group>";
		};
		11AF8E8827E398C600BD115D /* FileManager */ = {
			isa = PBXGroup;
			children = (
				11AF8E8927E398C600BD115D /* AppDelegate.swift */,
				11BF0A1C27E7A30E0036DE6D /* Components */,
				11AF8E9D27E46EF100BD115D /* Docs */,
				11BF0A1727E7A1A00036DE6D /* Login */,
				11BF0A1D27E7A3AF0036DE6D /* Utilits */,
				11BF0A2227E7B5EE0036DE6D /* Settings */,
				11AF8E8F27E398C600BD115D /* Main.storyboard */,
				11AF8E9227E398C800BD115D /* Assets.xcassets */,
				11AF8E9427E398C800BD115D /* LaunchScreen.storyboard */,
				11AF8E9727E398C800BD115D /* Info.plist */,
			);
			path = FileManager;
			sourceTree = "<group>";
		};
		11AF8E9D27E46EF100BD115D /* Docs */ = {
			isa = PBXGroup;
			children = (
				11AF8E8D27E398C600BD115D /* DocsViewController.swift */,
				11BF0A2A27EA5A9F0036DE6D /* DocsTableViewCell.swift */,
				11AF8EA227E4DC9000BD115D /* DocsViewModel.swift */,
			);
			path = Docs;
			sourceTree = "<group>";
		};
		11BF0A1727E7A1A00036DE6D /* Login */ = {
			isa = PBXGroup;
			children = (
				11BF0A1527E7A1950036DE6D /* LoginViewController.swift */,
				11BF0A1827E7A21F0036DE6D /* LoginViewModel.swift */,
			);
			path = Login;
			sourceTree = "<group>";
		};
		11BF0A1C27E7A30E0036DE6D /* Components */ = {
			isa = PBXGroup;
			children = (
				11BF0A1A27E7A3030036DE6D /* MagicButton.swift */,
			);
			path = Components;
			sourceTree = "<group>";
		};
		11BF0A1D27E7A3AF0036DE6D /* Utilits */ = {
			isa = PBXGroup;
			children = (
				11BF0A1E27E7A3C30036DE6D /* Utilits.swift */,
			);
			path = Utilits;
			sourceTree = "<group>";
		};
		11BF0A2227E7B5EE0036DE6D /* Settings */ = {
			isa = PBXGroup;
			children = (
				11BF0A2027E7B5E80036DE6D /* SettingsViewController.swift */,
				11BF0A2627E8E5180036DE6D /* SortingTableViewCell.swift */,
				11BF0A2827E8EFF10036DE6D /* PasswordChangeTableViewCell.swift */,
			);
			path = Settings;
			sourceTree = "<group>";
		};
/* End PBXGroup section */

/* Begin PBXNativeTarget section */
		11AF8E8527E398C600BD115D /* FileManager */ = {
			isa = PBXNativeTarget;
			buildConfigurationList = 11AF8E9A27E398C800BD115D /* Build configuration list for PBXNativeTarget "FileManager" */;
			buildPhases = (
				11AF8E8227E398C600BD115D /* Sources */,
				11AF8E8327E398C600BD115D /* Frameworks */,
				11AF8E8427E398C600BD115D /* Resources */,
			);
			buildRules = (
			);
			dependencies = (
			);
			name = FileManager;
			packageProductDependencies = (
				11BF0A2427E86E5C0036DE6D /* KeychainAccess */,
			);
			productName = FileManager;
			productReference = 11AF8E8627E398C600BD115D /* FileManager.app */;
			productType = "com.apple.product-type.application";
		};
/* End PBXNativeTarget section */

/* Begin PBXProject section */
		11AF8E7E27E398C600BD115D /* Project object */ = {
			isa = PBXProject;
			attributes = {
				BuildIndependentTargetsInParallel = 1;
				LastSwiftUpdateCheck = 1310;
				LastUpgradeCheck = 1310;
				TargetAttributes = {
					11AF8E8527E398C600BD115D = {
						CreatedOnToolsVersion = 13.1;
					};
				};
			};
			buildConfigurationList = 11AF8E8127E398C600BD115D /* Build configuration list for PBXProject "FileManager" */;
			compatibilityVersion = "Xcode 13.0";
			developmentRegion = en;
			hasScannedForEncodings = 0;
			knownRegions = (
				en,
				Base,
			);
			mainGroup = 11AF8E7D27E398C600BD115D;
			packageReferences = (
				11BF0A2327E86E5C0036DE6D /* XCRemoteSwiftPackageReference "KeychainAccess" */,
			);
			productRefGroup = 11AF8E8727E398C600BD115D /* Products */;
			projectDirPath = "";
			projectRoot = "";
			targets = (
				11AF8E8527E398C600BD115D /* FileManager */,
			);
		};
/* End PBXProject section */

/* Begin PBXResourcesBuildPhase section */
		11AF8E8427E398C600BD115D /* Resources */ = {
			isa = PBXResourcesBuildPhase;
			buildActionMask = 2147483647;
			files = (
				11AF8E9627E398C800BD115D /* LaunchScreen.storyboard in Resources */,
				11AF8E9327E398C800BD115D /* Assets.xcassets in Resources */,
				11AF8E9127E398C600BD115D /* Main.storyboard in Resources */,
			);
			runOnlyForDeploymentPostprocessing = 0;
		};
/* End PBXResourcesBuildPhase section */

/* Begin PBXSourcesBuildPhase section */
		11AF8E8227E398C600BD115D /* Sources */ = {
			isa = PBXSourcesBuildPhase;
			buildActionMask = 2147483647;
			files = (
				11BF0A1B27E7A3030036DE6D /* MagicButton.swift in Sources */,
				11AF8E8E27E398C600BD115D /* DocsViewController.swift in Sources */,
				11BF0A1927E7A21F0036DE6D /* LoginViewModel.swift in Sources */,
				11BF0A2927E8EFF10036DE6D /* PasswordChangeTableViewCell.swift in Sources */,
				11AF8E8A27E398C600BD115D /* AppDelegate.swift in Sources */,
				11BF0A1627E7A1950036DE6D /* LoginViewController.swift in Sources */,
				11BF0A1F27E7A3C30036DE6D /* Utilits.swift in Sources */,
				11AF8EA327E4DC9000BD115D /* DocsViewModel.swift in Sources */,
				11BF0A2727E8E5180036DE6D /* SortingTableViewCell.swift in Sources */,
				11BF0A2B27EA5A9F0036DE6D /* DocsTableViewCell.swift in Sources */,
				11BF0A2127E7B5E80036DE6D /* SettingsViewController.swift in Sources */,
			);
			runOnlyForDeploymentPostprocessing = 0;
		};
/* End PBXSourcesBuildPhase section */

/* Begin PBXVariantGroup section */
		11AF8E8F27E398C600BD115D /* Main.storyboard */ = {
			isa = PBXVariantGroup;
			children = (
				11AF8E9027E398C600BD115D /* Base */,
			);
			name = Main.storyboard;
			sourceTree = "<group>";
		};
		11AF8E9427E398C800BD115D /* LaunchScreen.storyboard */ = {
			isa = PBXVariantGroup;
			children = (
				11AF8E9527E398C800BD115D /* Base */,
			);
			name = LaunchScreen.storyboard;
			sourceTree = "<group>";
		};
/* End PBXVariantGroup section */

/* Begin XCBuildConfiguration section */
		11AF8E9827E398C800BD115D /* Debug */ = {
			isa = XCBuildConfiguration;
			buildSettings = {
				ALWAYS_SEARCH_USER_PATHS = NO;
				CLANG_ANALYZER_NONNULL = YES;
				CLANG_ANALYZER_NUMBER_OBJECT_CONVERSION = YES_AGGRESSIVE;
				CLANG_CXX_LANGUAGE_STANDARD = "gnu++17";
				CLANG_CXX_LIBRARY = "libc++";
				CLANG_ENABLE_MODULES = YES;
				CLANG_ENABLE_OBJC_ARC = YES;
				CLANG_ENABLE_OBJC_WEAK = YES;
				CLANG_WARN_BLOCK_CAPTURE_AUTORELEASING = YES;
				CLANG_WARN_BOOL_CONVERSION = YES;
				CLANG_WARN_COMMA = YES;
				CLANG_WARN_CONSTANT_CONVERSION = YES;
				CLANG_WARN_DEPRECATED_OBJC_IMPLEMENTATIONS = YES;
				CLANG_WARN_DIRECT_OBJC_ISA_USAGE = YES_ERROR;
				CLANG_WARN_DOCUMENTATION_COMMENTS = YES;
				CLANG_WARN_EMPTY_BODY = YES;
				CLANG_WARN_ENUM_CONVERSION = YES;
				CLANG_WARN_INFINITE_RECURSION = YES;
				CLANG_WARN_INT_CONVERSION = YES;
				CLANG_WARN_NON_LITERAL_NULL_CONVERSION = YES;
				CLANG_WARN_OBJC_IMPLICIT_RETAIN_SELF = YES;
				CLANG_WARN_OBJC_LITERAL_CONVERSION = YES;
				CLANG_WARN_OBJC_ROOT_CLASS = YES_ERROR;
				CLANG_WARN_QUOTED_INCLUDE_IN_FRAMEWORK_HEADER = YES;
				CLANG_WARN_RANGE_LOOP_ANALYSIS = YES;
				CLANG_WARN_STRICT_PROTOTYPES = YES;
				CLANG_WARN_SUSPICIOUS_MOVE = YES;
				CLANG_WARN_UNGUARDED_AVAILABILITY = YES_AGGRESSIVE;
				CLANG_WARN_UNREACHABLE_CODE = YES;
				CLANG_WARN__DUPLICATE_METHOD_MATCH = YES;
				COPY_PHASE_STRIP = NO;
				DEBUG_INFORMATION_FORMAT = dwarf;
				ENABLE_STRICT_OBJC_MSGSEND = YES;
				ENABLE_TESTABILITY = YES;
				GCC_C_LANGUAGE_STANDARD = gnu11;
				GCC_DYNAMIC_NO_PIC = NO;
				GCC_NO_COMMON_BLOCKS = YES;
				GCC_OPTIMIZATION_LEVEL = 0;
				GCC_PREPROCESSOR_DEFINITIONS = (
					"DEBUG=1",
					"$(inherited)",
				);
				GCC_WARN_64_TO_32_BIT_CONVERSION = YES;
				GCC_WARN_ABOUT_RETURN_TYPE = YES_ERROR;
				GCC_WARN_UNDECLARED_SELECTOR = YES;
				GCC_WARN_UNINITIALIZED_AUTOS = YES_AGGRESSIVE;
				GCC_WARN_UNUSED_FUNCTION = YES;
				GCC_WARN_UNUSED_VARIABLE = YES;
				IPHONEOS_DEPLOYMENT_TARGET = 15.0;
				MTL_ENABLE_DEBUG_INFO = INCLUDE_SOURCE;
				MTL_FAST_MATH = YES;
				ONLY_ACTIVE_ARCH = YES;
				SDKROOT = iphoneos;
				SWIFT_ACTIVE_COMPILATION_CONDITIONS = DEBUG;
				SWIFT_OPTIMIZATION_LEVEL = "-Onone";
			};
			name = Debug;
		};
		11AF8E9927E398C800BD115D /* Release */ = {
			isa = XCBuildConfiguration;
			buildSettings = {
				ALWAYS_SEARCH_USER_PATHS = NO;
				CLANG_ANALYZER_NONNULL = YES;
				CLANG_ANALYZER_NUMBER_OBJECT_CONVERSION = YES_AGGRESSIVE;
				CLANG_CXX_LANGUAGE_STANDARD = "gnu++17";
				CLANG_CXX_LIBRARY = "libc++";
				CLANG_ENABLE_MODULES = YES;
				CLANG_ENABLE_OBJC_ARC = YES;
				CLANG_ENABLE_OBJC_WEAK = YES;
				CLANG_WARN_BLOCK_CAPTURE_AUTORELEASING = YES;
				CLANG_WARN_BOOL_CONVERSION = YES;
				CLANG_WARN_COMMA = YES;
				CLANG_WARN_CONSTANT_CONVERSION = YES;
				CLANG_WARN_DEPRECATED_OBJC_IMPLEMENTATIONS = YES;
				CLANG_WARN_DIRECT_OBJC_ISA_USAGE = YES_ERROR;
				CLANG_WARN_DOCUMENTATION_COMMENTS = YES;
				CLANG_WARN_EMPTY_BODY = YES;
				CLANG_WARN_ENUM_CONVERSION = YES;
				CLANG_WARN_INFINITE_RECURSION = YES;
				CLANG_WARN_INT_CONVERSION = YES;
				CLANG_WARN_NON_LITERAL_NULL_CONVERSION = YES;
				CLANG_WARN_OBJC_IMPLICIT_RETAIN_SELF = YES;
				CLANG_WARN_OBJC_LITERAL_CONVERSION = YES;
				CLANG_WARN_OBJC_ROOT_CLASS = YES_ERROR;
				CLANG_WARN_QUOTED_INCLUDE_IN_FRAMEWORK_HEADER = YES;
				CLANG_WARN_RANGE_LOOP_ANALYSIS = YES;
				CLANG_WARN_STRICT_PROTOTYPES = YES;
				CLANG_WARN_SUSPICIOUS_MOVE = YES;
				CLANG_WARN_UNGUARDED_AVAILABILITY = YES_AGGRESSIVE;
				CLANG_WARN_UNREACHABLE_CODE = YES;
				CLANG_WARN__DUPLICATE_METHOD_MATCH = YES;
				COPY_PHASE_STRIP = NO;
				DEBUG_INFORMATION_FORMAT = "dwarf-with-dsym";
				ENABLE_NS_ASSERTIONS = NO;
				ENABLE_STRICT_OBJC_MSGSEND = YES;
				GCC_C_LANGUAGE_STANDARD = gnu11;
				GCC_NO_COMMON_BLOCKS = YES;
				GCC_WARN_64_TO_32_BIT_CONVERSION = YES;
				GCC_WARN_ABOUT_RETURN_TYPE = YES_ERROR;
				GCC_WARN_UNDECLARED_SELECTOR = YES;
				GCC_WARN_UNINITIALIZED_AUTOS = YES_AGGRESSIVE;
				GCC_WARN_UNUSED_FUNCTION = YES;
				GCC_WARN_UNUSED_VARIABLE = YES;
				IPHONEOS_DEPLOYMENT_TARGET = 15.0;
				MTL_ENABLE_DEBUG_INFO = NO;
				MTL_FAST_MATH = YES;
				SDKROOT = iphoneos;
				SWIFT_COMPILATION_MODE = wholemodule;
				SWIFT_OPTIMIZATION_LEVEL = "-O";
				VALIDATE_PRODUCT = YES;
			};
			name = Release;
		};
		11AF8E9B27E398C800BD115D /* Debug */ = {
			isa = XCBuildConfiguration;
			buildSettings = {
				ASSETCATALOG_COMPILER_APPICON_NAME = AppIcon;
				ASSETCATALOG_COMPILER_GLOBAL_ACCENT_COLOR_NAME = AccentColor;
				CODE_SIGN_STYLE = Automatic;
				CURRENT_PROJECT_VERSION = 1;
				DEVELOPMENT_TEAM = 6KKCSVG8J3;
				GENERATE_INFOPLIST_FILE = YES;
				INFOPLIST_FILE = FileManager/Info.plist;
				INFOPLIST_KEY_UIApplicationSupportsIndirectInputEvents = YES;
				INFOPLIST_KEY_UILaunchStoryboardName = LaunchScreen;
				INFOPLIST_KEY_UISupportedInterfaceOrientations_iPad = "UIInterfaceOrientationPortrait UIInterfaceOrientationPortraitUpsideDown UIInterfaceOrientationLandscapeLeft UIInterfaceOrientationLandscapeRight";
				INFOPLIST_KEY_UISupportedInterfaceOrientations_iPhone = "UIInterfaceOrientationPortrait UIInterfaceOrientationLandscapeLeft UIInterfaceOrientationLandscapeRight";
				LD_RUNPATH_SEARCH_PATHS = (
					"$(inherited)",
					"@executable_path/Frameworks",
				);
				MARKETING_VERSION = 1.0;
				PRODUCT_BUNDLE_IDENTIFIER = com.gin.FileManager;
				PRODUCT_NAME = "$(TARGET_NAME)";
				SWIFT_EMIT_LOC_STRINGS = YES;
				SWIFT_VERSION = 5.0;
				TARGETED_DEVICE_FAMILY = "1,2";
			};
			name = Debug;
		};
		11AF8E9C27E398C800BD115D /* Release */ = {
			isa = XCBuildConfiguration;
			buildSettings = {
				ASSETCATALOG_COMPILER_APPICON_NAME = AppIcon;
				ASSETCATALOG_COMPILER_GLOBAL_ACCENT_COLOR_NAME = AccentColor;
				CODE_SIGN_STYLE = Automatic;
				CURRENT_PROJECT_VERSION = 1;
				DEVELOPMENT_TEAM = 6KKCSVG8J3;
				GENERATE_INFOPLIST_FILE = YES;
				INFOPLIST_FILE = FileManager/Info.plist;
				INFOPLIST_KEY_UIApplicationSupportsIndirectInputEvents = YES;
				INFOPLIST_KEY_UILaunchStoryboardName = LaunchScreen;
				INFOPLIST_KEY_UISupportedInterfaceOrientations_iPad = "UIInterfaceOrientationPortrait UIInterfaceOrientationPortraitUpsideDown UIInterfaceOrientationLandscapeLeft UIInterfaceOrientationLandscapeRight";
				INFOPLIST_KEY_UISupportedInterfaceOrientations_iPhone = "UIInterfaceOrientationPortrait UIInterfaceOrientationLandscapeLeft UIInterfaceOrientationLandscapeRight";
				LD_RUNPATH_SEARCH_PATHS = (
					"$(inherited)",
					"@executable_path/Frameworks",
				);
				MARKETING_VERSION = 1.0;
				PRODUCT_BUNDLE_IDENTIFIER = com.gin.FileManager;
				PRODUCT_NAME = "$(TARGET_NAME)";
				SWIFT_EMIT_LOC_STRINGS = YES;
				SWIFT_VERSION = 5.0;
				TARGETED_DEVICE_FAMILY = "1,2";
			};
			name = Release;
		};
/* End XCBuildConfiguration section */

/* Begin XCConfigurationList section */
		11AF8E8127E398C600BD115D /* Build configuration list for PBXProject "FileManager" */ = {
			isa = XCConfigurationList;
			buildConfigurations = (
				11AF8E9827E398C800BD115D /* Debug */,
				11AF8E9927E398C800BD115D /* Release */,
			);
			defaultConfigurationIsVisible = 0;
			defaultConfigurationName = Release;
		};
		11AF8E9A27E398C800BD115D /* Build configuration list for PBXNativeTarget "FileManager" */ = {
			isa = XCConfigurationList;
			buildConfigurations = (
				11AF8E9B27E398C800BD115D /* Debug */,
				11AF8E9C27E398C800BD115D /* Release */,
			);
			defaultConfigurationIsVisible = 0;
			defaultConfigurationName = Release;
		};
/* End XCConfigurationList section */

/* Begin XCRemoteSwiftPackageReference section */
		11BF0A2327E86E5C0036DE6D /* XCRemoteSwiftPackageReference "KeychainAccess" */ = {
			isa = XCRemoteSwiftPackageReference;
			repositoryURL = "https://github.com/kishikawakatsumi/KeychainAccess.git";
			requirement = {
				branch = master;
				kind = branch;
			};
		};
/* End XCRemoteSwiftPackageReference section */

/* Begin XCSwiftPackageProductDependency section */
		11BF0A2427E86E5C0036DE6D /* KeychainAccess */ = {
			isa = XCSwiftPackageProductDependency;
			package = 11BF0A2327E86E5C0036DE6D /* XCRemoteSwiftPackageReference "KeychainAccess" */;
			productName = KeychainAccess;
		};
/* End XCSwiftPackageProductDependency section */
	};
	rootObject = 11AF8E7E27E398C600BD115D /* Project object */;
}
